
Microsoft Visual Studio Solution File, Format Version 12.00
# Visual Studio Version 17
VisualStudioVersion = 17.9.34723.18
MinimumVisualStudioVersion = 10.0.40219.1
Project("{FAE04EC0-301F-11D3-BF4B-00C04F79EFBC}") = "CurrencyApp", "CurrencyApp\CurrencyApp.csproj", "{FDC8C425-F016-469A-A28D-1BD4D67CC37F}"
EndProject
Project("{2150E333-8FDC-42A3-9474-1A3956D46DE8}") = "PL", "PL", "{408CBA80-AC95-4AA4-A902-161A8DC57F0A}"
EndProject
Project("{2150E333-8FDC-42A3-9474-1A3956D46DE8}") = "BLL", "BLL", "{627E7AD7-75BC-4842-946D-9C5E427CC365}"
EndProject
Project("{FAE04EC0-301F-11D3-BF4B-00C04F79EFBC}") = "CurrencyApp.BLL", "CurrencyApp.BLL\CurrencyApp.BLL.csproj", "{95B4E1C0-BBAB-4473-A1B1-41306DA85AB4}"
EndProject
Project("{FAE04EC0-301F-11D3-BF4B-00C04F79EFBC}") = "CurrencyApp.BLLContacts", "CurrencyApp.BLLContacts\CurrencyApp.BLLContacts.csproj", "{9A13B691-ACF8-4DFC-BAD2-B9FBB202C9ED}"
EndProject
Project("{2150E333-8FDC-42A3-9474-1A3956D46DE8}") = "Common", "Common", "{8F75A0AB-530F-4515-AD03-51FF87122E96}"
EndProject
Project("{2150E333-8FDC-42A3-9474-1A3956D46DE8}") = "Domain", "Domain", "{77911194-472B-4290-ABC4-0A42DB2E7FC6}"
EndProject
Project("{FAE04EC0-301F-11D3-BF4B-00C04F79EFBC}") = "CurrencyApp.Domain", "CurrencyApp.Domain\CurrencyApp.Domain.csproj", "{E8BBC3FF-F02C-4804-8C4E-0541081E88E2}"
EndProject
Project("{FAE04EC0-301F-11D3-BF4B-00C04F79EFBC}") = "CurrencyApp.DI", "CurrencyApp.DI\CurrencyApp.DI.csproj", "{38E0ABAC-34DB-4EF5-A4A4-833416A9491B}"
EndProject
Project("{2150E333-8FDC-42A3-9474-1A3956D46DE8}") = "DAL", "DAL", "{8DEFFBC1-71CA-49C1-A8B6-F156FC2400F6}"
EndProject
Project("{FAE04EC0-301F-11D3-BF4B-00C04F79EFBC}") = "CurrencyApp.DAL", "CurrencyApp.DAL\CurrencyApp.DAL.csproj", "{7BACFD22-17D3-40AA-92F3-52D31F10BDE0}"
EndProject
Project("{FAE04EC0-301F-11D3-BF4B-00C04F79EFBC}") = "CurrencyApp.DALContracts", "CurrencyApp.DALContracts\CurrencyApp.DALContracts.csproj", "{D9D1E296-13CC-4BB8-9F35-63A7B74798C5}"
EndProject
Global
	GlobalSection(SolutionConfigurationPlatforms) = preSolution
		Debug|Any CPU = Debug|Any CPU
		Release|Any CPU = Release|Any CPU
	EndGlobalSection
	GlobalSection(ProjectConfigurationPlatforms) = postSolution
		{FDC8C425-F016-469A-A28D-1BD4D67CC37F}.Debug|Any CPU.ActiveCfg = Debug|Any CPU
		{FDC8C425-F016-469A-A28D-1BD4D67CC37F}.Debug|Any CPU.Build.0 = Debug|Any CPU
		{FDC8C425-F016-469A-A28D-1BD4D67CC37F}.Release|Any CPU.ActiveCfg = Release|Any CPU
		{FDC8C425-F016-469A-A28D-1BD4D67CC37F}.Release|Any CPU.Build.0 = Release|Any CPU
		{95B4E1C0-BBAB-4473-A1B1-41306DA85AB4}.Debug|Any CPU.ActiveCfg = Debug|Any CPU
		{95B4E1C0-BBAB-4473-A1B1-41306DA85AB4}.Debug|Any CPU.Build.0 = Debug|Any CPU
		{95B4E1C0-BBAB-4473-A1B1-41306DA85AB4}.Release|Any CPU.ActiveCfg = Release|Any CPU
		{95B4E1C0-BBAB-4473-A1B1-41306DA85AB4}.Release|Any CPU.Build.0 = Release|Any CPU
		{9A13B691-ACF8-4DFC-BAD2-B9FBB202C9ED}.Debug|Any CPU.ActiveCfg = Debug|Any CPU
		{9A13B691-ACF8-4DFC-BAD2-B9FBB202C9ED}.Debug|Any CPU.Build.0 = Debug|Any CPU
		{9A13B691-ACF8-4DFC-BAD2-B9FBB202C9ED}.Release|Any CPU.ActiveCfg = Release|Any CPU
		{9A13B691-ACF8-4DFC-BAD2-B9FBB202C9ED}.Release|Any CPU.Build.0 = Release|Any CPU
		{E8BBC3FF-F02C-4804-8C4E-0541081E88E2}.Debug|Any CPU.ActiveCfg = Debug|Any CPU
		{E8BBC3FF-F02C-4804-8C4E-0541081E88E2}.Debug|Any CPU.Build.0 = Debug|Any CPU
		{E8BBC3FF-F02C-4804-8C4E-0541081E88E2}.Release|Any CPU.ActiveCfg = Release|Any CPU
		{E8BBC3FF-F02C-4804-8C4E-0541081E88E2}.Release|Any CPU.Build.0 = Release|Any CPU
		{38E0ABAC-34DB-4EF5-A4A4-833416A9491B}.Debug|Any CPU.ActiveCfg = Debug|Any CPU
		{38E0ABAC-34DB-4EF5-A4A4-833416A9491B}.Debug|Any CPU.Build.0 = Debug|Any CPU
		{38E0ABAC-34DB-4EF5-A4A4-833416A9491B}.Release|Any CPU.ActiveCfg = Release|Any CPU
		{38E0ABAC-34DB-4EF5-A4A4-833416A9491B}.Release|Any CPU.Build.0 = Release|Any CPU
		{7BACFD22-17D3-40AA-92F3-52D31F10BDE0}.Debug|Any CPU.ActiveCfg = Debug|Any CPU
		{7BACFD22-17D3-40AA-92F3-52D31F10BDE0}.Debug|Any CPU.Build.0 = Debug|Any CPU
		{7BACFD22-17D3-40AA-92F3-52D31F10BDE0}.Release|Any CPU.ActiveCfg = Release|Any CPU
		{7BACFD22-17D3-40AA-92F3-52D31F10BDE0}.Release|Any CPU.Build.0 = Release|Any CPU
		{D9D1E296-13CC-4BB8-9F35-63A7B74798C5}.Debug|Any CPU.ActiveCfg = Debug|Any CPU
		{D9D1E296-13CC-4BB8-9F35-63A7B74798C5}.Debug|Any CPU.Build.0 = Debug|Any CPU
		{D9D1E296-13CC-4BB8-9F35-63A7B74798C5}.Release|Any CPU.ActiveCfg = Release|Any CPU
		{D9D1E296-13CC-4BB8-9F35-63A7B74798C5}.Release|Any CPU.Build.0 = Release|Any CPU
	EndGlobalSection
	GlobalSection(SolutionProperties) = preSolution
		HideSolutionNode = FALSE
	EndGlobalSection
	GlobalSection(NestedProjects) = preSolution
		{FDC8C425-F016-469A-A28D-1BD4D67CC37F} = {408CBA80-AC95-4AA4-A902-161A8DC57F0A}
		{95B4E1C0-BBAB-4473-A1B1-41306DA85AB4} = {627E7AD7-75BC-4842-946D-9C5E427CC365}
		{9A13B691-ACF8-4DFC-BAD2-B9FBB202C9ED} = {627E7AD7-75BC-4842-946D-9C5E427CC365}
		{E8BBC3FF-F02C-4804-8C4E-0541081E88E2} = {77911194-472B-4290-ABC4-0A42DB2E7FC6}
		{38E0ABAC-34DB-4EF5-A4A4-833416A9491B} = {8F75A0AB-530F-4515-AD03-51FF87122E96}
		{7BACFD22-17D3-40AA-92F3-52D31F10BDE0} = {8DEFFBC1-71CA-49C1-A8B6-F156FC2400F6}
		{D9D1E296-13CC-4BB8-9F35-63A7B74798C5} = {8DEFFBC1-71CA-49C1-A8B6-F156FC2400F6}
	EndGlobalSection
	GlobalSection(ExtensibilityGlobals) = postSolution
		SolutionGuid = {74D71EDC-CAF3-4B5D-B3DD-3A9116180F6C}
	EndGlobalSection
EndGlobal
